hash: 51c537565527f4aaf8f2281cab58d3cd1bc72aaf3027e876839fa7ff5c11c0a8
updated: 2017-06-13T10:32:28.436988834+07:00
imports:
- name: github.com/gorilla/context
  version: 08b5f424b9271eedf6f9f0ce86cb9396ed337a42
- name: github.com/gorilla/mux
  version: bcd8bc72b08df0f70df986b97f95590779502d31
- name: github.com/jasonlvhit/gocron
  version: 42a5804d37aa0b9239b265e894a16b8edbf52d54
testImports: []
